// !$*UTF8*$!
{
	archiveVersion = 1;
	classes = {
	};
	objectVersion = 50;
	objects = {

/* Begin PBXBuildFile section */
		0413E1A52216CFA9004CF569 /* AppDelegate.swift in Sources */ = {isa = PBXBuildFile; fileRef = 0413E1A42216CFA9004CF569 /* AppDelegate.swift */; };
		0413E1A72216CFA9004CF569 /* AlbumsListViewController.swift in Sources */ = {isa = PBXBuildFile; fileRef = 0413E1A62216CFA9004CF569 /* AlbumsListViewController.swift */; };
		0413E1AA2216CFA9004CF569 /* Main.storyboard in Resources */ = {isa = PBXBuildFile; fileRef = 0413E1A82216CFA9004CF569 /* Main.storyboard */; };
		0413E1AC2216CFAA004CF569 /* Assets.xcassets in Resources */ = {isa = PBXBuildFile; fileRef = 0413E1AB2216CFAA004CF569 /* Assets.xcassets */; };
		0413E1AF2216CFAA004CF569 /* LaunchScreen.storyboard in Resources */ = {isa = PBXBuildFile; fileRef = 0413E1AD2216CFAA004CF569 /* LaunchScreen.storyboard */; };
		0413E1BA2216D058004CF569 /* AlbumDetailViewController.swift in Sources */ = {isa = PBXBuildFile; fileRef = 0413E1B92216D058004CF569 /* AlbumDetailViewController.swift */; };
		0413E1BD2216D07D004CF569 /* IDAlbum.swift in Sources */ = {isa = PBXBuildFile; fileRef = 0413E1BC2216D07D004CF569 /* IDAlbum.swift */; };
		0413E1BF2216D4EB004CF569 /* AlbumsListModel.swift in Sources */ = {isa = PBXBuildFile; fileRef = 0413E1BE2216D4EB004CF569 /* AlbumsListModel.swift */; };
		0413E1C12216D530004CF569 /* AlbumDetailModel.swift in Sources */ = {isa = PBXBuildFile; fileRef = 0413E1C02216D530004CF569 /* AlbumDetailModel.swift */; };
		0413E1C52216D5A3004CF569 /* AlbumViewCell.swift in Sources */ = {isa = PBXBuildFile; fileRef = 0413E1C32216D5A3004CF569 /* AlbumViewCell.swift */; };
		0413E1C62216D5A3004CF569 /* AlbumViewCell.xib in Resources */ = {isa = PBXBuildFile; fileRef = 0413E1C42216D5A3004CF569 /* AlbumViewCell.xib */; };
		0413E1CC2216E039004CF569 /* Smoke+Mirrors.png in Resources */ = {isa = PBXBuildFile; fileRef = 0413E1C82216E02E004CF569 /* Smoke+Mirrors.png */; };
		0413E1CD2216E039004CF569 /* NightVisions.jpeg in Resources */ = {isa = PBXBuildFile; fileRef = 0413E1C92216E038004CF569 /* NightVisions.jpeg */; };
		0413E1CE2216E039004CF569 /* Evolve.jpg in Resources */ = {isa = PBXBuildFile; fileRef = 0413E1CA2216E038004CF569 /* Evolve.jpg */; };
		0413E1CF2216E039004CF569 /* Origins.png in Resources */ = {isa = PBXBuildFile; fileRef = 0413E1CB2216E039004CF569 /* Origins.png */; };
		044A59D9221AC5E00039FBB2 /* SpotlightManager.swift in Sources */ = {isa = PBXBuildFile; fileRef = 044A59D8221AC5E00039FBB2 /* SpotlightManager.swift */; };
		044A59DC221AC5F80039FBB2 /* CoreSpotlight.framework in Frameworks */ = {isa = PBXBuildFile; fileRef = 044A59DB221AC5F80039FBB2 /* CoreSpotlight.framework */; };
/* End PBXBuildFile section */

/* Begin PBXFileReference section */
		0413E1A12216CFA8004CF569 /* ImagineDragonsAlbumsCoreSpotlight.app */ = {isa = PBXFileReference; explicitFileType = wrapper.application; includeInIndex = 0; path = ImagineDragonsAlbumsCoreSpotlight.app; sourceTree = BUILT_PRODUCTS_DIR; };
		0413E1A42216CFA9004CF569 /* AppDelegate.swift */ = {isa = PBXFileReference; lastKnownFileType = sourcecode.swift; path = AppDelegate.swift; sourceTree = "<group>"; };
		0413E1A62216CFA9004CF569 /* AlbumsListViewController.swift */ = {isa = PBXFileReference; lastKnownFileType = sourcecode.swift; path = AlbumsListViewController.swift; sourceTree = "<group>"; };
		0413E1A92216CFA9004CF569 /* Base */ = {isa = PBXFileReference; lastKnownFileType = file.storyboard; name = Base; path = Base.lproj/Main.storyboard; sourceTree = "<group>"; };
		0413E1AB2216CFAA004CF569 /* Assets.xcassets */ = {isa = PBXFileReference; lastKnownFileType = folder.assetcatalog; path = Assets.xcassets; sourceTree = "<group>"; };
		0413E1AE2216CFAA004CF569 /* Base */ = {isa = PBXFileReference; lastKnownFileType = file.storyboard; name = Base; path = Base.lproj/LaunchScreen.storyboard; sourceTree = "<group>"; };
		0413E1B02216CFAA004CF569 /* Info.plist */ = {isa = PBXFileReference; lastKnownFileType = text.plist.xml; path = Info.plist; sourceTree = "<group>"; };
		0413E1B92216D058004CF569 /* AlbumDetailViewController.swift */ = {isa = PBXFileReference; lastKnownFileType = sourcecode.swift; path = AlbumDetailViewController.swift; sourceTree = "<group>"; };
		0413E1BC2216D07D004CF569 /* IDAlbum.swift */ = {isa = PBXFileReference; lastKnownFileType = sourcecode.swift; path = IDAlbum.swift; sourceTree = "<group>"; };
		0413E1BE2216D4EB004CF569 /* AlbumsListModel.swift */ = {isa = PBXFileReference; lastKnownFileType = sourcecode.swift; path = AlbumsListModel.swift; sourceTree = "<group>"; };
		0413E1C02216D530004CF569 /* AlbumDetailModel.swift */ = {isa = PBXFileReference; lastKnownFileType = sourcecode.swift; path = AlbumDetailModel.swift; sourceTree = "<group>"; };
		0413E1C32216D5A3004CF569 /* AlbumViewCell.swift */ = {isa = PBXFileReference; lastKnownFileType = sourcecode.swift; path = AlbumViewCell.swift; sourceTree = "<group>"; };
		0413E1C42216D5A3004CF569 /* AlbumViewCell.xib */ = {isa = PBXFileReference; lastKnownFileType = file.xib; path = AlbumViewCell.xib; sourceTree = "<group>"; };
		0413E1C82216E02E004CF569 /* Smoke+Mirrors.png */ = {isa = PBXFileReference; lastKnownFileType = image.png; path = "Smoke+Mirrors.png"; sourceTree = "<group>"; };
		0413E1C92216E038004CF569 /* NightVisions.jpeg */ = {isa = PBXFileReference; lastKnownFileType = image.jpeg; path = NightVisions.jpeg; sourceTree = "<group>"; };
		0413E1CA2216E038004CF569 /* Evolve.jpg */ = {isa = PBXFileReference; lastKnownFileType = image.jpeg; path = Evolve.jpg; sourceTree = "<group>"; };
		0413E1CB2216E039004CF569 /* Origins.png */ = {isa = PBXFileReference; lastKnownFileType = image.png; path = Origins.png; sourceTree = "<group>"; };
		044A59D8221AC5E00039FBB2 /* SpotlightManager.swift */ = {isa = PBXFileReference; lastKnownFileType = sourcecode.swift; path = SpotlightManager.swift; sourceTree = "<group>"; };
		044A59DB221AC5F80039FBB2 /* CoreSpotlight.framework */ = {isa = PBXFileReference; lastKnownFileType = wrapper.framework; name = CoreSpotlight.framework; path = System/Library/Frameworks/CoreSpotlight.framework; sourceTree = SDKROOT; };
/* End PBXFileReference section */

/* Begin PBXFrameworksBuildPhase section */
		0413E19E2216CFA8004CF569 /* Frameworks */ = {
			isa = PBXFrameworksBuildPhase;
			buildActionMask = 2147483647;
			files = (
				044A59DC221AC5F80039FBB2 /* CoreSpotlight.framework in Frameworks */,
			);
			runOnlyForDeploymentPostprocessing = 0;
		};
/* End PBXFrameworksBuildPhase section */

/* Begin PBXGroup section */
		0413E1982216CFA8004CF569 = {
			isa = PBXGroup;
			children = (
				0413E1A32216CFA9004CF569 /* ImagineDragonsAlbumsCoreSpotlight */,
				0413E1A22216CFA9004CF569 /* Products */,
				044A59DA221AC5F80039FBB2 /* Frameworks */,
			);
			sourceTree = "<group>";
		};
		0413E1A22216CFA9004CF569 /* Products */ = {
			isa = PBXGroup;
			children = (
				0413E1A12216CFA8004CF569 /* ImagineDragonsAlbumsCoreSpotlight.app */,
			);
			name = Products;
			sourceTree = "<group>";
		};
		0413E1A32216CFA9004CF569 /* ImagineDragonsAlbumsCoreSpotlight */ = {
			isa = PBXGroup;
			children = (
				044A59D7221AC5AE0039FBB2 /* managers */,
				0413E1C72216E020004CF569 /* covers */,
				0413E1C22216D57F004CF569 /* cell */,
				0413E1BB2216D05F004CF569 /* models */,
				0413E1B82216CFF0004CF569 /* controllers */,
				0413E1B72216CFDC004CF569 /* storyboard */,
				0413E1B62216CFCD004CF569 /* common */,
				0413E1A42216CFA9004CF569 /* AppDelegate.swift */,
				0413E1B02216CFAA004CF569 /* Info.plist */,
			);
			path = ImagineDragonsAlbumsCoreSpotlight;
			sourceTree = "<group>";
		};
		0413E1B62216CFCD004CF569 /* common */ = {
			isa = PBXGroup;
			children = (
				0413E1AB2216CFAA004CF569 /* Assets.xcassets */,
			);
			path = common;
			sourceTree = "<group>";
		};
		0413E1B72216CFDC004CF569 /* storyboard */ = {
			isa = PBXGroup;
			children = (
				0413E1A82216CFA9004CF569 /* Main.storyboard */,
				0413E1AD2216CFAA004CF569 /* LaunchScreen.storyboard */,
			);
			path = storyboard;
			sourceTree = "<group>";
		};
		0413E1B82216CFF0004CF569 /* controllers */ = {
			isa = PBXGroup;
			children = (
				0413E1A62216CFA9004CF569 /* AlbumsListViewController.swift */,
				0413E1B92216D058004CF569 /* AlbumDetailViewController.swift */,
			);
			path = controllers;
			sourceTree = "<group>";
		};
		0413E1BB2216D05F004CF569 /* models */ = {
			isa = PBXGroup;
			children = (
				0413E1BC2216D07D004CF569 /* IDAlbum.swift */,
				0413E1BE2216D4EB004CF569 /* AlbumsListModel.swift */,
				0413E1C02216D530004CF569 /* AlbumDetailModel.swift */,
			);
			path = models;
			sourceTree = "<group>";
		};
		0413E1C22216D57F004CF569 /* cell */ = {
			isa = PBXGroup;
			children = (
				0413E1C32216D5A3004CF569 /* AlbumViewCell.swift */,
				0413E1C42216D5A3004CF569 /* AlbumViewCell.xib */,
			);
			path = cell;
			sourceTree = "<group>";
		};
		0413E1C72216E020004CF569 /* covers */ = {
			isa = PBXGroup;
			children = (
				0413E1C82216E02E004CF569 /* Smoke+Mirrors.png */,
				0413E1CA2216E038004CF569 /* Evolve.jpg */,
				0413E1C92216E038004CF569 /* NightVisions.jpeg */,
				0413E1CB2216E039004CF569 /* Origins.png */,
			);
			path = covers;
			sourceTree = "<group>";
		};
		044A59D7221AC5AE0039FBB2 /* managers */ = {
			isa = PBXGroup;
			children = (
				044A59D8221AC5E00039FBB2 /* SpotlightManager.swift */,
			);
			path = managers;
			sourceTree = "<group>";
		};
		044A59DA221AC5F80039FBB2 /* Frameworks */ = {
			isa = PBXGroup;
			children = (
				044A59DB221AC5F80039FBB2 /* CoreSpotlight.framework */,
			);
			name = Frameworks;
			sourceTree = "<group>";
		};
/* End PBXGroup section */

/* Begin PBXNativeTarget section */
		0413E1A02216CFA8004CF569 /* ImagineDragonsAlbumsCoreSpotlight */ = {
			isa = PBXNativeTarget;
			buildConfigurationList = 0413E1B32216CFAA004CF569 /* Build configuration list for PBXNativeTarget "ImagineDragonsAlbumsCoreSpotlight" */;
			buildPhases = (
				0413E19D2216CFA8004CF569 /* Sources */,
				0413E19E2216CFA8004CF569 /* Frameworks */,
				0413E19F2216CFA8004CF569 /* Resources */,
			);
			buildRules = (
			);
			dependencies = (
			);
			name = ImagineDragonsAlbumsCoreSpotlight;
			productName = ImagineDragonsAlbumsCoreSpotlight;
			productReference = 0413E1A12216CFA8004CF569 /* ImagineDragonsAlbumsCoreSpotlight.app */;
			productType = "com.apple.product-type.application";
		};
/* End PBXNativeTarget section */

/* Begin PBXProject section */
		0413E1992216CFA8004CF569 /* Project object */ = {
			isa = PBXProject;
			attributes = {
				LastSwiftUpdateCheck = 1010;
				LastUpgradeCheck = 1010;
				ORGANIZATIONNAME = vc;
				TargetAttributes = {
					0413E1A02216CFA8004CF569 = {
						CreatedOnToolsVersion = 10.1;
					};
				};
			};
			buildConfigurationList = 0413E19C2216CFA8004CF569 /* Build configuration list for PBXProject "ImagineDragonsAlbumsCoreSpotlight" */;
			compatibilityVersion = "Xcode 9.3";
			developmentRegion = en;
			hasScannedForEncodings = 0;
			knownRegions = (
				en,
				Base,
			);
			mainGroup = 0413E1982216CFA8004CF569;
			productRefGroup = 0413E1A22216CFA9004CF569 /* Products */;
			projectDirPath = "";
			projectRoot = "";
			targets = (
				0413E1A02216CFA8004CF569 /* ImagineDragonsAlbumsCoreSpotlight */,
			);
		};
/* End PBXProject section */

/* Begin PBXResourcesBuildPhase section */
		0413E19F2216CFA8004CF569 /* Resources */ = {
			isa = PBXResourcesBuildPhase;
			buildActionMask = 2147483647;
			files = (
				0413E1AF2216CFAA004CF569 /* LaunchScreen.storyboard in Resources */,
				0413E1AC2216CFAA004CF569 /* Assets.xcassets in Resources */,
				0413E1CE2216E039004CF569 /* Evolve.jpg in Resources */,
				0413E1CD2216E039004CF569 /* NightVisions.jpeg in Resources */,
				0413E1C62216D5A3004CF569 /* AlbumViewCell.xib in Resources */,
				0413E1CF2216E039004CF569 /* Origins.png in Resources */,
				0413E1AA2216CFA9004CF569 /* Main.storyboard in Resources */,
				0413E1CC2216E039004CF569 /* Smoke+Mirrors.png in Resources */,
			);
			runOnlyForDeploymentPostprocessing = 0;
		};
/* End PBXResourcesBuildPhase section */

/* Begin PBXSourcesBuildPhase section */
		0413E19D2216CFA8004CF569 /* Sources */ = {
			isa = PBXSourcesBuildPhase;
			buildActionMask = 2147483647;
			files = (
				0413E1A72216CFA9004CF569 /* AlbumsListViewController.swift in Sources */,
				0413E1A52216CFA9004CF569 /* AppDelegate.swift in Sources */,
				044A59D9221AC5E00039FBB2 /* SpotlightManager.swift in Sources */,
				0413E1C12216D530004CF569 /* AlbumDetailModel.swift in Sources */,
				0413E1BD2216D07D004CF569 /* IDAlbum.swift in Sources */,
				0413E1C52216D5A3004CF569 /* AlbumViewCell.swift in Sources */,
				0413E1BF2216D4EB004CF569 /* AlbumsListModel.swift in Sources */,
				0413E1BA2216D058004CF569 /* AlbumDetailViewController.swift in Sources */,
			);
			runOnlyForDeploymentPostprocessing = 0;
		};
/* End PBXSourcesBuildPhase section */

/* Begin PBXVariantGroup section */
		0413E1A82216CFA9004CF569 /* Main.storyboard */ = {
			isa = PBXVariantGroup;
			children = (
				0413E1A92216CFA9004CF569 /* Base */,
			);
			name = Main.storyboard;
			sourceTree = "<group>";
		};
		0413E1AD2216CFAA004CF569 /* LaunchScreen.storyboard */ = {
			isa = PBXVariantGroup;
			children = (
				0413E1AE2216CFAA004CF569 /* Base */,
			);
			name = LaunchScreen.storyboard;
			sourceTree = "<group>";
		};
/* End PBXVariantGroup section */

/* Begin XCBuildConfiguration section */
		0413E1B12216CFAA004CF569 /* Debug */ = {
			isa = XCBuildConfiguration;
			buildSettings = {
				ALWAYS_SEARCH_USER_PATHS = NO;
				CLANG_ANALYZER_NONNULL = YES;
				CLANG_ANALYZER_NUMBER_OBJECT_CONVERSION = YES_AGGRESSIVE;
				CLANG_CXX_LANGUAGE_STANDARD = "gnu++14";
				CLANG_CXX_LIBRARY = "libc++";
				CLANG_ENABLE_MODULES = YES;
				CLANG_ENABLE_OBJC_ARC = YES;
				CLANG_ENABLE_OBJC_WEAK = YES;
				CLANG_WARN_BLOCK_CAPTURE_AUTORELEASING = YES;
				CLANG_WARN_BOOL_CONVERSION = YES;
				CLANG_WARN_COMMA = YES;
				CLANG_WARN_CONSTANT_CONVERSION = YES;
				CLANG_WARN_DEPRECATED_OBJC_IMPLEMENTATIONS = YES;
				CLANG_WARN_DIRECT_OBJC_ISA_USAGE = YES_ERROR;
				CLANG_WARN_DOCUMENTATION_COMMENTS = YES;
				CLANG_WARN_EMPTY_BODY = YES;
				CLANG_WARN_ENUM_CONVERSION = YES;
				CLANG_WARN_INFINITE_RECURSION = YES;
				CLANG_WARN_INT_CONVERSION = YES;
				CLANG_WARN_NON_LITERAL_NULL_CONVERSION = YES;
				CLANG_WARN_OBJC_IMPLICIT_RETAIN_SELF = YES;
				CLANG_WARN_OBJC_LITERAL_CONVERSION = YES;
				CLANG_WARN_OBJC_ROOT_CLASS = YES_ERROR;
				CLANG_WARN_RANGE_LOOP_ANALYSIS = YES;
				CLANG_WARN_STRICT_PROTOTYPES = YES;
				CLANG_WARN_SUSPICIOUS_MOVE = YES;
				CLANG_WARN_UNGUARDED_AVAILABILITY = YES_AGGRESSIVE;
				CLANG_WARN_UNREACHABLE_CODE = YES;
				CLANG_WARN__DUPLICATE_METHOD_MATCH = YES;
				CODE_SIGN_IDENTITY = "iPhone Developer";
				COPY_PHASE_STRIP = NO;
				DEBUG_INFORMATION_FORMAT = dwarf;
				ENABLE_STRICT_OBJC_MSGSEND = YES;
				ENABLE_TESTABILITY = YES;
				GCC_C_LANGUAGE_STANDARD = gnu11;
				GCC_DYNAMIC_NO_PIC = NO;
				GCC_NO_COMMON_BLOCKS = YES;
				GCC_OPTIMIZATION_LEVEL = 0;
				GCC_PREPROCESSOR_DEFINITIONS = (
					"DEBUG=1",
					"$(inherited)",
				);
				GCC_WARN_64_TO_32_BIT_CONVERSION = YES;
				GCC_WARN_ABOUT_RETURN_TYPE = YES_ERROR;
				GCC_WARN_UNDECLARED_SELECTOR = YES;
				GCC_WARN_UNINITIALIZED_AUTOS = YES_AGGRESSIVE;
				GCC_WARN_UNUSED_FUNCTION = YES;
				GCC_WARN_UNUSED_VARIABLE = YES;
				IPHONEOS_DEPLOYMENT_TARGET = 12.1;
				MTL_ENABLE_DEBUG_INFO = INCLUDE_SOURCE;
				MTL_FAST_MATH = YES;
				ONLY_ACTIVE_ARCH = YES;
				SDKROOT = iphoneos;
				SWIFT_ACTIVE_COMPILATION_CONDITIONS = DEBUG;
				SWIFT_OPTIMIZATION_LEVEL = "-Onone";
			};
			name = Debug;
		};
		0413E1B22216CFAA004CF569 /* Release */ = {
			isa = XCBuildConfiguration;
			buildSettings = {
				ALWAYS_SEARCH_USER_PATHS = NO;
				CLANG_ANALYZER_NONNULL = YES;
				CLANG_ANALYZER_NUMBER_OBJECT_CONVERSION = YES_AGGRESSIVE;
				CLANG_CXX_LANGUAGE_STANDARD = "gnu++14";
				CLANG_CXX_LIBRARY = "libc++";
				CLANG_ENABLE_MODULES = YES;
				CLANG_ENABLE_OBJC_ARC = YES;
				CLANG_ENABLE_OBJC_WEAK = YES;
				CLANG_WARN_BLOCK_CAPTURE_AUTORELEASING = YES;
				CLANG_WARN_BOOL_CONVERSION = YES;
				CLANG_WARN_COMMA = YES;
				CLANG_WARN_CONSTANT_CONVERSION = YES;
				CLANG_WARN_DEPRECATED_OBJC_IMPLEMENTATIONS = YES;
				CLANG_WARN_DIRECT_OBJC_ISA_USAGE = YES_ERROR;
				CLANG_WARN_DOCUMENTATION_COMMENTS = YES;
				CLANG_WARN_EMPTY_BODY = YES;
				CLANG_WARN_ENUM_CONVERSION = YES;
				CLANG_WARN_INFINITE_RECURSION = YES;
				CLANG_WARN_INT_CONVERSION = YES;
				CLANG_WARN_NON_LITERAL_NULL_CONVERSION = YES;
				CLANG_WARN_OBJC_IMPLICIT_RETAIN_SELF = YES;
				CLANG_WARN_OBJC_LITERAL_CONVERSION = YES;
				CLANG_WARN_OBJC_ROOT_CLASS = YES_ERROR;
				CLANG_WARN_RANGE_LOOP_ANALYSIS = YES;
				CLANG_WARN_STRICT_PROTOTYPES = YES;
				CLANG_WARN_SUSPICIOUS_MOVE = YES;
				CLANG_WARN_UNGUARDED_AVAILABILITY = YES_AGGRESSIVE;
				CLANG_WARN_UNREACHABLE_CODE = YES;
				CLANG_WARN__DUPLICATE_METHOD_MATCH = YES;
				CODE_SIGN_IDENTITY = "iPhone Developer";
				COPY_PHASE_STRIP = NO;
				DEBUG_INFORMATION_FORMAT = "dwarf-with-dsym";
				ENABLE_NS_ASSERTIONS = NO;
				ENABLE_STRICT_OBJC_MSGSEND = YES;
				GCC_C_LANGUAGE_STANDARD = gnu11;
				GCC_NO_COMMON_BLOCKS = YES;
				GCC_WARN_64_TO_32_BIT_CONVERSION = YES;
				GCC_WARN_ABOUT_RETURN_TYPE = YES_ERROR;
				GCC_WARN_UNDECLARED_SELECTOR = YES;
				GCC_WARN_UNINITIALIZED_AUTOS = YES_AGGRESSIVE;
				GCC_WARN_UNUSED_FUNCTION = YES;
				GCC_WARN_UNUSED_VARIABLE = YES;
				IPHONEOS_DEPLOYMENT_TARGET = 12.1;
				MTL_ENABLE_DEBUG_INFO = NO;
				MTL_FAST_MATH = YES;
				SDKROOT = iphoneos;
				SWIFT_COMPILATION_MODE = wholemodule;
				SWIFT_OPTIMIZATION_LEVEL = "-O";
				VALIDATE_PRODUCT = YES;
			};
			name = Release;
		};
		0413E1B42216CFAA004CF569 /* Debug */ = {
			isa = XCBuildConfiguration;
			buildSettings = {
				ASSETCATALOG_COMPILER_APPICON_NAME = AppIcon;
				CODE_SIGN_STYLE = Automatic;
				INFOPLIST_FILE = ImagineDragonsAlbumsCoreSpotlight/Info.plist;
				LD_RUNPATH_SEARCH_PATHS = (
					"$(inherited)",
					"@executable_path/Frameworks",
				);
				PRODUCT_BUNDLE_IDENTIFIER = vz.imagine.dragons.albums.corespotlight.ImagineDragonsAlbumsCoreSpotlight;
				PRODUCT_NAME = "$(TARGET_NAME)";
				SWIFT_VERSION = 4.2;
				TARGETED_DEVICE_FAMILY = "1,2";
			};
			name = Debug;
		};
		0413E1B52216CFAA004CF569 /* Release */ = {
			isa = XCBuildConfiguration;
			buildSettings = {
				ASSETCATALOG_COMPILER_APPICON_NAME = AppIcon;
				CODE_SIGN_STYLE = Automatic;
				INFOPLIST_FILE = ImagineDragonsAlbumsCoreSpotlight/Info.plist;
				LD_RUNPATH_SEARCH_PATHS = (
					"$(inherited)",
					"@executable_path/Frameworks",
				);
				PRODUCT_BUNDLE_IDENTIFIER = vz.imagine.dragons.albums.corespotlight.ImagineDragonsAlbumsCoreSpotlight;
				PRODUCT_NAME = "$(TARGET_NAME)";
				SWIFT_VERSION = 4.2;
				TARGETED_DEVICE_FAMILY = "1,2";
			};
			name = Release;
		};
/* End XCBuildConfiguration section */

/* Begin XCConfigurationList section */
		0413E19C2216CFA8004CF569 /* Build configuration list for PBXProject "ImagineDragonsAlbumsCoreSpotlight" */ = {
			isa = XCConfigurationList;
			buildConfigurations = (
				0413E1B12216CFAA004CF569 /* Debug */,
				0413E1B22216CFAA004CF569 /* Release */,
			);
			defaultConfigurationIsVisible = 0;
			defaultConfigurationName = Release;
		};
		0413E1B32216CFAA004CF569 /* Build configuration list for PBXNativeTarget "ImagineDragonsAlbumsCoreSpotlight" */ = {
			isa = XCConfigurationList;
			buildConfigurations = (
				0413E1B42216CFAA004CF569 /* Debug */,
				0413E1B52216CFAA004CF569 /* Release */,
			);
			defaultConfigurationIsVisible = 0;
			defaultConfigurationName = Release;
		};
/* End XCConfigurationList section */
	};
	rootObject = 0413E1992216CFA8004CF569 /* Project object */;
}
